
Microsoft Visual Studio Solution File, Format Version 12.00
# Visual Studio 2013
VisualStudioVersion = 12.0.31021.0
MinimumVisualStudioVersion = 10.0.40219.1
Project("{FAE04EC0-301F-11D3-BF4B-00C04F79EFBC}") = "TFSWorkItemDeleteSample", "TFSWorkItemDeleteSample\TFSWorkItemDeleteSample.csproj", "{FFFEA809-CB5D-482F-8CFC-C99B1D20D681}"
EndProject
Global
	GlobalSection(SolutionConfigurationPlatforms) = preSolution
		Debug|Any CPU = Debug|Any CPU
		Release|Any CPU = Release|Any CPU
	EndGlobalSection
	GlobalSection(ProjectConfigurationPlatforms) = postSolution
		{FFFEA809-CB5D-482F-8CFC-C99B1D20D681}.Debug|Any CPU.ActiveCfg = Debug|Any CPU
		{FFFEA809-CB5D-482F-8CFC-C99B1D20D681}.Debug|Any CPU.Build.0 = Debug|Any CPU
		{FFFEA809-CB5D-482F-8CFC-C99B1D20D681}.Release|Any CPU.ActiveCfg = Release|Any CPU
		{FFFEA809-CB5D-482F-8CFC-C99B1D20D681}.Release|Any CPU.Build.0 = Release|Any CPU
	EndGlobalSection
	GlobalSection(SolutionProperties) = preSolution
		HideSolutionNode = FALSE
	EndGlobalSection
EndGlobal
